
Microsoft Visual Studio Solution File, Format Version 12.00
# Visual Studio Version 16
VisualStudioVersion = 16.0.30804.86
MinimumVisualStudioVersion = 10.0.40219.1
Project("{FAE04EC0-301F-11D3-BF4B-00C04F79EFBC}") = "RpsGameMvc", "RpsGameMvc.csproj", "{8532A26A-6ECD-4104-962F-B20DC0C3256E}"
EndProject
Global
	GlobalSection(SolutionConfigurationPlatforms) = preSolution
		Debug|Any CPU = Debug|Any CPU
		Release|Any CPU = Release|Any CPU
	EndGlobalSection
	GlobalSection(ProjectConfigurationPlatforms) = postSolution
		{8532A26A-6ECD-4104-962F-B20DC0C3256E}.Debug|Any CPU.ActiveCfg = Debug|Any CPU
		{8532A26A-6ECD-4104-962F-B20DC0C3256E}.Debug|Any CPU.Build.0 = Debug|Any CPU
		{8532A26A-6ECD-4104-962F-B20DC0C3256E}.Release|Any CPU.ActiveCfg = Release|Any CPU
		{8532A26A-6ECD-4104-962F-B20DC0C3256E}.Release|Any CPU.Build.0 = Release|Any CPU
	EndGlobalSection
	GlobalSection(SolutionProperties) = preSolution
		HideSolutionNode = FALSE
	EndGlobalSection
	GlobalSection(ExtensibilityGlobals) = postSolution
		SolutionGuid = {2DB6557E-FD7C-4863-BB32-BD9520481E45}
	EndGlobalSection
EndGlobal
